// !$*UTF8*$!
{
	archiveVersion = 1;
	classes = {
	};
	objectVersion = 46;
	objects = {

/* Begin PBXBuildFile section */
		14D537A619D6660B0080CE5E /* AppDelegate.swift in Sources */ = {isa = PBXBuildFile; fileRef = 14D537A519D6660B0080CE5E /* AppDelegate.swift */; };
		14D537A819D6660B0080CE5E /* ViewController.swift in Sources */ = {isa = PBXBuildFile; fileRef = 14D537A719D6660B0080CE5E /* ViewController.swift */; };
		14D537AB19D6660B0080CE5E /* Main.storyboard in Resources */ = {isa = PBXBuildFile; fileRef = 14D537A919D6660B0080CE5E /* Main.storyboard */; };
		14D537AD19D6660B0080CE5E /* Images.xcassets in Resources */ = {isa = PBXBuildFile; fileRef = 14D537AC19D6660B0080CE5E /* Images.xcassets */; };
		14D537B019D6660B0080CE5E /* LaunchScreen.xib in Resources */ = {isa = PBXBuildFile; fileRef = 14D537AE19D6660B0080CE5E /* LaunchScreen.xib */; };
		14D537BC19D6660B0080CE5E /* SwiftTwitterClientTests.swift in Sources */ = {isa = PBXBuildFile; fileRef = 14D537BB19D6660B0080CE5E /* SwiftTwitterClientTests.swift */; };
/* End PBXBuildFile section */

/* Begin PBXContainerItemProxy section */
		14D537B619D6660B0080CE5E /* PBXContainerItemProxy */ = {
			isa = PBXContainerItemProxy;
			containerPortal = 14D5379819D6660B0080CE5E /* Project object */;
			proxyType = 1;
			remoteGlobalIDString = 14D5379F19D6660B0080CE5E;
			remoteInfo = SwiftTwitterClient;
		};
/* End PBXContainerItemProxy section */

/* Begin PBXFileReference section */
		14D537A019D6660B0080CE5E /* SwiftTwitterClient.app */ = {isa = PBXFileReference; explicitFileType = wrapper.application; includeInIndex = 0; path = SwiftTwitterClient.app; sourceTree = BUILT_PRODUCTS_DIR; };
		14D537A419D6660B0080CE5E /* Info.plist */ = {isa = PBXFileReference; lastKnownFileType = text.plist.xml; path = Info.plist; sourceTree = "<group>"; };
		14D537A519D6660B0080CE5E /* AppDelegate.swift */ = {isa = PBXFileReference; lastKnownFileType = sourcecode.swift; path = AppDelegate.swift; sourceTree = "<group>"; };
		14D537A719D6660B0080CE5E /* ViewController.swift */ = {isa = PBXFileReference; lastKnownFileType = sourcecode.swift; path = ViewController.swift; sourceTree = "<group>"; };
		14D537AA19D6660B0080CE5E /* Base */ = {isa = PBXFileReference; lastKnownFileType = file.storyboard; name = Base; path = Base.lproj/Main.storyboard; sourceTree = "<group>"; };
		14D537AC19D6660B0080CE5E /* Images.xcassets */ = {isa = PBXFileReference; lastKnownFileType = folder.assetcatalog; path = Images.xcassets; sourceTree = "<group>"; };
		14D537AF19D6660B0080CE5E /* Base */ = {isa = PBXFileReference; lastKnownFileType = file.xib; name = Base; path = Base.lproj/LaunchScreen.xib; sourceTree = "<group>"; };
		14D537B519D6660B0080CE5E /* SwiftTwitterClientTests.xctest */ = {isa = PBXFileReference; explicitFileType = wrapper.cfbundle; includeInIndex = 0; path = SwiftTwitterClientTests.xctest; sourceTree = BUILT_PRODUCTS_DIR; };
		14D537BA19D6660B0080CE5E /* Info.plist */ = {isa = PBXFileReference; lastKnownFileType = text.plist.xml; path = Info.plist; sourceTree = "<group>"; };
		14D537BB19D6660B0080CE5E /* SwiftTwitterClientTests.swift */ = {isa = PBXFileReference; lastKnownFileType = sourcecode.swift; path = SwiftTwitterClientTests.swift; sourceTree = "<group>"; };
/* End PBXFileReference section */

/* Begin PBXFrameworksBuildPhase section */
		14D5379D19D6660B0080CE5E /* Frameworks */ = {
			isa = PBXFrameworksBuildPhase;
			buildActionMask = 2147483647;
			files = (
			);
			runOnlyForDeploymentPostprocessing = 0;
		};
		14D537B219D6660B0080CE5E /* Frameworks */ = {
			isa = PBXFrameworksBuildPhase;
			buildActionMask = 2147483647;
			files = (
			);
			runOnlyForDeploymentPostprocessing = 0;
		};
/* End PBXFrameworksBuildPhase section */

/* Begin PBXGroup section */
		14D5379719D6660B0080CE5E = {
			isa = PBXGroup;
			children = (
				14D537A219D6660B0080CE5E /* SwiftTwitterClient */,
				14D537B819D6660B0080CE5E /* SwiftTwitterClientTests */,
				14D537A119D6660B0080CE5E /* Products */,
			);
			sourceTree = "<group>";
		};
		14D537A119D6660B0080CE5E /* Products */ = {
			isa = PBXGroup;
			children = (
				14D537A019D6660B0080CE5E /* SwiftTwitterClient.app */,
				14D537B519D6660B0080CE5E /* SwiftTwitterClientTests.xctest */,
			);
			name = Products;
			sourceTree = "<group>";
		};
		14D537A219D6660B0080CE5E /* SwiftTwitterClient */ = {
			isa = PBXGroup;
			children = (
				14D537A519D6660B0080CE5E /* AppDelegate.swift */,
				14D537A719D6660B0080CE5E /* ViewController.swift */,
				14D537A919D6660B0080CE5E /* Main.storyboard */,
				14D537AC19D6660B0080CE5E /* Images.xcassets */,
				14D537AE19D6660B0080CE5E /* LaunchScreen.xib */,
				14D537A319D6660B0080CE5E /* Supporting Files */,
			);
			path = SwiftTwitterClient;
			sourceTree = "<group>";
		};
		14D537A319D6660B0080CE5E /* Supporting Files */ = {
			isa = PBXGroup;
			children = (
				14D537A419D6660B0080CE5E /* Info.plist */,
			);
			name = "Supporting Files";
			sourceTree = "<group>";
		};
		14D537B819D6660B0080CE5E /* SwiftTwitterClientTests */ = {
			isa = PBXGroup;
			children = (
				14D537BB19D6660B0080CE5E /* SwiftTwitterClientTests.swift */,
				14D537B919D6660B0080CE5E /* Supporting Files */,
			);
			path = SwiftTwitterClientTests;
			sourceTree = "<group>";
		};
		14D537B919D6660B0080CE5E /* Supporting Files */ = {
			isa = PBXGroup;
			children = (
				14D537BA19D6660B0080CE5E /* Info.plist */,
			);
			name = "Supporting Files";
			sourceTree = "<group>";
		};
/* End PBXGroup section */

/* Begin PBXNativeTarget section */
		14D5379F19D6660B0080CE5E /* SwiftTwitterClient */ = {
			isa = PBXNativeTarget;
			buildConfigurationList = 14D537BF19D6660B0080CE5E /* Build configuration list for PBXNativeTarget "SwiftTwitterClient" */;
			buildPhases = (
				14D5379C19D6660B0080CE5E /* Sources */,
				14D5379D19D6660B0080CE5E /* Frameworks */,
				14D5379E19D6660B0080CE5E /* Resources */,
			);
			buildRules = (
			);
			dependencies = (
			);
			name = SwiftTwitterClient;
			productName = SwiftTwitterClient;
			productReference = 14D537A019D6660B0080CE5E /* SwiftTwitterClient.app */;
			productType = "com.apple.product-type.application";
		};
		14D537B419D6660B0080CE5E /* SwiftTwitterClientTests */ = {
			isa = PBXNativeTarget;
			buildConfigurationList = 14D537C219D6660B0080CE5E /* Build configuration list for PBXNativeTarget "SwiftTwitterClientTests" */;
			buildPhases = (
				14D537B119D6660B0080CE5E /* Sources */,
				14D537B219D6660B0080CE5E /* Frameworks */,
				14D537B319D6660B0080CE5E /* Resources */,
			);
			buildRules = (
			);
			dependencies = (
				14D537B719D6660B0080CE5E /* PBXTargetDependency */,
			);
			name = SwiftTwitterClientTests;
			productName = SwiftTwitterClientTests;
			productReference = 14D537B519D6660B0080CE5E /* SwiftTwitterClientTests.xctest */;
			productType = "com.apple.product-type.bundle.unit-test";
		};
/* End PBXNativeTarget section */

/* Begin PBXProject section */
		14D5379819D6660B0080CE5E /* Project object */ = {
			isa = PBXProject;
			attributes = {
				LastUpgradeCheck = 0600;
				ORGANIZATIONNAME = cnv;
				TargetAttributes = {
					14D5379F19D6660B0080CE5E = {
						CreatedOnToolsVersion = 6.0;
					};
					14D537B419D6660B0080CE5E = {
						CreatedOnToolsVersion = 6.0;
						TestTargetID = 14D5379F19D6660B0080CE5E;
					};
				};
			};
			buildConfigurationList = 14D5379B19D6660B0080CE5E /* Build configuration list for PBXProject "SwiftTwitterClient" */;
			compatibilityVersion = "Xcode 3.2";
			developmentRegion = English;
			hasScannedForEncodings = 0;
			knownRegions = (
				en,
				Base,
			);
			mainGroup = 14D5379719D6660B0080CE5E;
			productRefGroup = 14D537A119D6660B0080CE5E /* Products */;
			projectDirPath = "";
			projectRoot = "";
			targets = (
				14D5379F19D6660B0080CE5E /* SwiftTwitterClient */,
				14D537B419D6660B0080CE5E /* SwiftTwitterClientTests */,
			);
		};
/* End PBXProject section */

/* Begin PBXResourcesBuildPhase section */
		14D5379E19D6660B0080CE5E /* Resources */ = {
			isa = PBXResourcesBuildPhase;
			buildActionMask = 2147483647;
			files = (
				14D537AB19D6660B0080CE5E /* Main.storyboard in Resources */,
				14D537B019D6660B0080CE5E /* LaunchScreen.xib in Resources */,
				14D537AD19D6660B0080CE5E /* Images.xcassets in Resources */,
			);
			runOnlyForDeploymentPostprocessing = 0;
		};
		14D537B319D6660B0080CE5E /* Resources */ = {
			isa = PBXResourcesBuildPhase;
			buildActionMask = 2147483647;
			files = (
			);
			runOnlyForDeploymentPostprocessing = 0;
		};
/* End PBXResourcesBuildPhase section */

/* Begin PBXSourcesBuildPhase section */
		14D5379C19D6660B0080CE5E /* Sources */ = {
			isa = PBXSourcesBuildPhase;
			buildActionMask = 2147483647;
			files = (
				14D537A819D6660B0080CE5E /* ViewController.swift in Sources */,
				14D537A619D6660B0080CE5E /* AppDelegate.swift in Sources */,
			);
			runOnlyForDeploymentPostprocessing = 0;
		};
		14D537B119D6660B0080CE5E /* Sources */ = {
			isa = PBXSourcesBuildPhase;
			buildActionMask = 2147483647;
			files = (
				14D537BC19D6660B0080CE5E /* SwiftTwitterClientTests.swift in Sources */,
			);
			runOnlyForDeploymentPostprocessing = 0;
		};
/* End PBXSourcesBuildPhase section */

/* Begin PBXTargetDependency section */
		14D537B719D6660B0080CE5E /* PBXTargetDependency */ = {
			isa = PBXTargetDependency;
			target = 14D5379F19D6660B0080CE5E /* SwiftTwitterClient */;
			targetProxy = 14D537B619D6660B0080CE5E /* PBXContainerItemProxy */;
		};
/* End PBXTargetDependency section */

/* Begin PBXVariantGroup section */
		14D537A919D6660B0080CE5E /* Main.storyboard */ = {
			isa = PBXVariantGroup;
			children = (
				14D537AA19D6660B0080CE5E /* Base */,
			);
			name = Main.storyboard;
			sourceTree = "<group>";
		};
		14D537AE19D6660B0080CE5E /* LaunchScreen.xib */ = {
			isa = PBXVariantGroup;
			children = (
				14D537AF19D6660B0080CE5E /* Base */,
			);
			name = LaunchScreen.xib;
			sourceTree = "<group>";
		};
/* End PBXVariantGroup section */

/* Begin XCBuildConfiguration section */
		14D537BD19D6660B0080CE5E /* Debug */ = {
			isa = XCBuildConfiguration;
			buildSettings = {
				ALWAYS_SEARCH_USER_PATHS = NO;
				CLANG_CXX_LANGUAGE_STANDARD = "gnu++0x";
				CLANG_CXX_LIBRARY = "libc++";
				CLANG_ENABLE_MODULES = YES;
				CLANG_ENABLE_OBJC_ARC = YES;
				CLANG_WARN_BOOL_CONVERSION = YES;
				CLANG_WARN_CONSTANT_CONVERSION = YES;
				CLANG_WARN_DIRECT_OBJC_ISA_USAGE = YES_ERROR;
				CLANG_WARN_EMPTY_BODY = YES;
				CLANG_WARN_ENUM_CONVERSION = YES;
				CLANG_WARN_INT_CONVERSION = YES;
				CLANG_WARN_OBJC_ROOT_CLASS = YES_ERROR;
				CLANG_WARN_UNREACHABLE_CODE = YES;
				CLANG_WARN__DUPLICATE_METHOD_MATCH = YES;
				"CODE_SIGN_IDENTITY[sdk=iphoneos*]" = "iPhone Developer";
				COPY_PHASE_STRIP = NO;
				ENABLE_STRICT_OBJC_MSGSEND = YES;
				GCC_C_LANGUAGE_STANDARD = gnu99;
				GCC_DYNAMIC_NO_PIC = NO;
				GCC_OPTIMIZATION_LEVEL = 0;
				GCC_PREPROCESSOR_DEFINITIONS = (
					"DEBUG=1",
					"$(inherited)",
				);
				GCC_SYMBOLS_PRIVATE_EXTERN = NO;
				GCC_WARN_64_TO_32_BIT_CONVERSION = YES;
				GCC_WARN_ABOUT_RETURN_TYPE = YES_ERROR;
				GCC_WARN_UNDECLARED_SELECTOR = YES;
				GCC_WARN_UNINITIALIZED_AUTOS = YES_AGGRESSIVE;
				GCC_WARN_UNUSED_FUNCTION = YES;
				GCC_WARN_UNUSED_VARIABLE = YES;
				IPHONEOS_DEPLOYMENT_TARGET = 8.0;
				MTL_ENABLE_DEBUG_INFO = YES;
				ONLY_ACTIVE_ARCH = YES;
				SDKROOT = iphoneos;
				SWIFT_OPTIMIZATION_LEVEL = "-Onone";
			};
			name = Debug;
		};
		14D537BE19D6660B0080CE5E /* Release */ = {
			isa = XCBuildConfiguration;
			buildSettings = {
				ALWAYS_SEARCH_USER_PATHS = NO;
				CLANG_CXX_LANGUAGE_STANDARD = "gnu++0x";
				CLANG_CXX_LIBRARY = "libc++";
				CLANG_ENABLE_MODULES = YES;
				CLANG_ENABLE_OBJC_ARC = YES;
				CLANG_WARN_BOOL_CONVERSION = YES;
				CLANG_WARN_CONSTANT_CONVERSION = YES;
				CLANG_WARN_DIRECT_OBJC_ISA_USAGE = YES_ERROR;
				CLANG_WARN_EMPTY_BODY = YES;
				CLANG_WARN_ENUM_CONVERSION = YES;
				CLANG_WARN_INT_CONVERSION = YES;
				CLANG_WARN_OBJC_ROOT_CLASS = YES_ERROR;
				CLANG_WARN_UNREACHABLE_CODE = YES;
				CLANG_WARN__DUPLICATE_METHOD_MATCH = YES;
				"CODE_SIGN_IDENTITY[sdk=iphoneos*]" = "iPhone Developer";
				COPY_PHASE_STRIP = YES;
				ENABLE_NS_ASSERTIONS = NO;
				ENABLE_STRICT_OBJC_MSGSEND = YES;
				GCC_C_LANGUAGE_STANDARD = gnu99;
				GCC_WARN_64_TO_32_BIT_CONVERSION = YES;
				GCC_WARN_ABOUT_RETURN_TYPE = YES_ERROR;
				GCC_WARN_UNDECLARED_SELECTOR = YES;
				GCC_WARN_UNINITIALIZED_AUTOS = YES_AGGRESSIVE;
				GCC_WARN_UNUSED_FUNCTION = YES;
				GCC_WARN_UNUSED_VARIABLE = YES;
				IPHONEOS_DEPLOYMENT_TARGET = 8.0;
				MTL_ENABLE_DEBUG_INFO = NO;
				SDKROOT = iphoneos;
				VALIDATE_PRODUCT = YES;
			};
			name = Release;
		};
		14D537C019D6660B0080CE5E /* Debug */ = {
			isa = XCBuildConfiguration;
			buildSettings = {
				ASSETCATALOG_COMPILER_APPICON_NAME = AppIcon;
				INFOPLIST_FILE = SwiftTwitterClient/Info.plist;
				LD_RUNPATH_SEARCH_PATHS = "$(inherited) @executable_path/Frameworks";
				PRODUCT_NAME = "$(TARGET_NAME)";
			};
			name = Debug;
		};
		14D537C119D6660B0080CE5E /* Release */ = {
			isa = XCBuildConfiguration;
			buildSettings = {
				ASSETCATALOG_COMPILER_APPICON_NAME = AppIcon;
				INFOPLIST_FILE = SwiftTwitterClient/Info.plist;
				LD_RUNPATH_SEARCH_PATHS = "$(inherited) @executable_path/Frameworks";
				PRODUCT_NAME = "$(TARGET_NAME)";
			};
			name = Release;
		};
		14D537C319D6660B0080CE5E /* Debug */ = {
			isa = XCBuildConfiguration;
			buildSettings = {
				BUNDLE_LOADER = "$(TEST_HOST)";
				FRAMEWORK_SEARCH_PATHS = (
					"$(SDKROOT)/Developer/Library/Frameworks",
					"$(inherited)",
				);
				GCC_PREPROCESSOR_DEFINITIONS = (
					"DEBUG=1",
					"$(inherited)",
				);
				INFOPLIST_FILE = SwiftTwitterClientTests/Info.plist;
				LD_RUNPATH_SEARCH_PATHS = "$(inherited) @executable_path/Frameworks @loader_path/Frameworks";
				PRODUCT_NAME = "$(TARGET_NAME)";
				TEST_HOST = "$(BUILT_PRODUCTS_DIR)/SwiftTwitterClient.app/SwiftTwitterClient";
			};
			name = Debug;
		};
		14D537C419D6660B0080CE5E /* Release */ = {
			isa = XCBuildConfiguration;
			buildSettings = {
				BUNDLE_LOADER = "$(TEST_HOST)";
				FRAMEWORK_SEARCH_PATHS = (
					"$(SDKROOT)/Developer/Library/Frameworks",
					"$(inherited)",
				);
				INFOPLIST_FILE = SwiftTwitterClientTests/Info.plist;
				LD_RUNPATH_SEARCH_PATHS = "$(inherited) @executable_path/Frameworks @loader_path/Frameworks";
				PRODUCT_NAME = "$(TARGET_NAME)";
				TEST_HOST = "$(BUILT_PRODUCTS_DIR)/SwiftTwitterClient.app/SwiftTwitterClient";
			};
			name = Release;
		};
/* End XCBuildConfiguration section */

/* Begin XCConfigurationList section */
		14D5379B19D6660B0080CE5E /* Build configuration list for PBXProject "SwiftTwitterClient" */ = {
			isa = XCConfigurationList;
			buildConfigurations = (
				14D537BD19D6660B0080CE5E /* Debug */,
				14D537BE19D6660B0080CE5E /* Release */,
			);
			defaultConfigurationIsVisible = 0;
			defaultConfigurationName = Release;
		};
		14D537BF19D6660B0080CE5E /* Build configuration list for PBXNativeTarget "SwiftTwitterClient" */ = {
			isa = XCConfigurationList;
			buildConfigurations = (
				14D537C019D6660B0080CE5E /* Debug */,
				14D537C119D6660B0080CE5E /* Release */,
			);
			defaultConfigurationIsVisible = 0;
		};
		14D537C219D6660B0080CE5E /* Build configuration list for PBXNativeTarget "SwiftTwitterClientTests" */ = {
			isa = XCConfigurationList;
			buildConfigurations = (
				14D537C319D6660B0080CE5E /* Debug */,
				14D537C419D6660B0080CE5E /* Release */,
			);
			defaultConfigurationIsVisible = 0;
		};
/* End XCConfigurationList section */
	};
	rootObject = 14D5379819D6660B0080CE5E /* Project object */;
}
